
Microsoft Visual Studio Solution File, Format Version 12.00
# Visual Studio Version 17
VisualStudioVersion = 17.5.002.0
MinimumVisualStudioVersion = 10.0.40219.1
Project("{9A19103F-16F7-4668-BE54-9A1E7A4F7556}") = "GXPEngine", "GXPEngine.csproj", "{AFE156B1-2E53-478B-B801-E46FA7FF8C4F}"
EndProject
Global
	GlobalSection(SolutionConfigurationPlatforms) = preSolution
		Debug|Any CPU = Debug|Any CPU
		Release|Any CPU = Release|Any CPU
	EndGlobalSection
	GlobalSection(ProjectConfigurationPlatforms) = postSolution
		{AFE156B1-2E53-478B-B801-E46FA7FF8C4F}.Debug|Any CPU.ActiveCfg = Debug|Any CPU
		{AFE156B1-2E53-478B-B801-E46FA7FF8C4F}.Debug|Any CPU.Build.0 = Debug|Any CPU
		{AFE156B1-2E53-478B-B801-E46FA7FF8C4F}.Release|Any CPU.ActiveCfg = Release|Any CPU
		{AFE156B1-2E53-478B-B801-E46FA7FF8C4F}.Release|Any CPU.Build.0 = Release|Any CPU
	EndGlobalSection
	GlobalSection(SolutionProperties) = preSolution
		HideSolutionNode = FALSE
	EndGlobalSection
	GlobalSection(ExtensibilityGlobals) = postSolution
		SolutionGuid = {4877F4FD-A13B-4EF0-B175-BF582DC87E86}
	EndGlobalSection
EndGlobal
